<?xml version="1.0" encoding="utf-8"?>
<Project ToolsVersion="4.0" xmlns="http://schemas.microsoft.com/developer/msbuild/2003">
  <ItemGroup>
    <Filter Include="Source files">
      <UniqueIdentifier>{4FC737F1-C7A5-4376-A066-2A32D752A2FF}</UniqueIdentifier>
      <Extensions>cpp;c;cc;cxx;c++;cppm;ixx;def;odl;idl;hpj;bat;asm;asmx</Extensions>
    </Filter>
    <Filter Include="Header files">
      <UniqueIdentifier>{93995380-89BD-4b04-88EB-625FBE52EBFB}</UniqueIdentifier>
      <Extensions>h;hh;hpp;hxx;h++;hm;inl;inc;ipp;xsd</Extensions>
    </Filter>
    <Filter Include="Resource files">
      <UniqueIdentifier>{67DA6AB6-F800-4c08-8B7A-83BB121AAD01}</UniqueIdentifier>
      <Extensions>rc;ico;cur;bmp;dlg;rc2;rct;bin;rgs;gif;jpg;jpeg;jpe;resx;tiff;tif;png;wav;mfcribbon-ms</Extensions>
    </Filter>
    <Filter Include="Source files\LowLevel">
      <UniqueIdentifier>{1a25597c-8104-4dba-8073-0c22b8e6529c}</UniqueIdentifier>
    </Filter>
    <Filter Include="Source files\KernelMode">
      <UniqueIdentifier>{fb32fd2f-edba-4b01-b00f-5d4e925cd077}</UniqueIdentifier>
    </Filter>
    <Filter Include="Source files\UserMode">
      <UniqueIdentifier>{2dec63f4-ae8b-41c3-b06f-3410b0ce1b52}</UniqueIdentifier>
    </Filter>
  </ItemGroup>
  <ItemGroup>
    <ClCompile Include="CellDataParser.c">
      <Filter>Source files\LowLevel</Filter>
    </ClCompile>
    <ClCompile Include="Converter.c">
      <Filter>Source files\LowLevel</Filter>
    </ClCompile>
    <ClCompile Include="MainLoader.c">
      <Filter>Source files\LowLevel</Filter>
    </ClCompile>
  </ItemGroup>
  <ItemGroup>
    <ClInclude Include="RegistryLoader.h">
      <Filter>Header files</Filter>
    </ClInclude>
    <ClInclude Include="HiveData.h">
      <Filter>Header files</Filter>
    </ClInclude>
  </ItemGroup>
</Project>